// !$*UTF8*$!
{
	archiveVersion = 1;
	classes = {
	};
	objectVersion = 50;
	objects = {

/* Begin PBXBuildFile section */
		0B0D9F312674A4E900368DEF /* AppDelegate.swift in Sources */ = {isa = PBXBuildFile; fileRef = 0B0D9F302674A4E900368DEF /* AppDelegate.swift */; };
		0B0D9F332674A4E900368DEF /* ViewController.swift in Sources */ = {isa = PBXBuildFile; fileRef = 0B0D9F322674A4E900368DEF /* ViewController.swift */; };
		0B0D9F362674A4EA00368DEF /* Main.storyboard in Resources */ = {isa = PBXBuildFile; fileRef = 0B0D9F342674A4EA00368DEF /* Main.storyboard */; };
		0B0D9F382674A4EF00368DEF /* Assets.xcassets in Resources */ = {isa = PBXBuildFile; fileRef = 0B0D9F372674A4EF00368DEF /* Assets.xcassets */; };
		0B0D9F3B2674A4EF00368DEF /* LaunchScreen.storyboard in Resources */ = {isa = PBXBuildFile; fileRef = 0B0D9F392674A4EF00368DEF /* LaunchScreen.storyboard */; };
		0B0D9F442674A8C000368DEF /* Extension.swift in Sources */ = {isa = PBXBuildFile; fileRef = 0B0D9F432674A8C000368DEF /* Extension.swift */; };
		0B403A282674CD70007F7A13 /* myResult.swift in Sources */ = {isa = PBXBuildFile; fileRef = 0B403A272674CD70007F7A13 /* myResult.swift */; };
/* End PBXBuildFile section */

/* Begin PBXFileReference section */
		0B0D9F2D2674A4E900368DEF /* EvenOdd.app */ = {isa = PBXFileReference; explicitFileType = wrapper.application; includeInIndex = 0; path = EvenOdd.app; sourceTree = BUILT_PRODUCTS_DIR; };
		0B0D9F302674A4E900368DEF /* AppDelegate.swift */ = {isa = PBXFileReference; lastKnownFileType = sourcecode.swift; path = AppDelegate.swift; sourceTree = "<group>"; };
		0B0D9F322674A4E900368DEF /* ViewController.swift */ = {isa = PBXFileReference; lastKnownFileType = sourcecode.swift; path = ViewController.swift; sourceTree = "<group>"; };
		0B0D9F352674A4EA00368DEF /* Base */ = {isa = PBXFileReference; lastKnownFileType = file.storyboard; name = Base; path = Base.lproj/Main.storyboard; sourceTree = "<group>"; };
		0B0D9F372674A4EF00368DEF /* Assets.xcassets */ = {isa = PBXFileReference; lastKnownFileType = folder.assetcatalog; path = Assets.xcassets; sourceTree = "<group>"; };
		0B0D9F3A2674A4EF00368DEF /* Base */ = {isa = PBXFileReference; lastKnownFileType = file.storyboard; name = Base; path = Base.lproj/LaunchScreen.storyboard; sourceTree = "<group>"; };
		0B0D9F3C2674A4EF00368DEF /* Info.plist */ = {isa = PBXFileReference; lastKnownFileType = text.plist.xml; path = Info.plist; sourceTree = "<group>"; };
		0B0D9F432674A8C000368DEF /* Extension.swift */ = {isa = PBXFileReference; lastKnownFileType = sourcecode.swift; path = Extension.swift; sourceTree = "<group>"; };
		0B403A272674CD70007F7A13 /* myResult.swift */ = {isa = PBXFileReference; lastKnownFileType = sourcecode.swift; path = myResult.swift; sourceTree = "<group>"; };
/* End PBXFileReference section */

/* Begin PBXFrameworksBuildPhase section */
		0B0D9F2A2674A4E900368DEF /* Frameworks */ = {
			isa = PBXFrameworksBuildPhase;
			buildActionMask = 2147483647;
			files = (
			);
			runOnlyForDeploymentPostprocessing = 0;
		};
/* End PBXFrameworksBuildPhase section */

/* Begin PBXGroup section */
		0B0D9F242674A4E900368DEF = {
			isa = PBXGroup;
			children = (
				0B0D9F422674A87900368DEF /* Extras */,
				0B0D9F2F2674A4E900368DEF /* EvenOdd */,
				0B0D9F2E2674A4E900368DEF /* Products */,
			);
			sourceTree = "<group>";
		};
		0B0D9F2E2674A4E900368DEF /* Products */ = {
			isa = PBXGroup;
			children = (
				0B0D9F2D2674A4E900368DEF /* EvenOdd.app */,
			);
			name = Products;
			sourceTree = "<group>";
		};
		0B0D9F2F2674A4E900368DEF /* EvenOdd */ = {
			isa = PBXGroup;
			children = (
				0B0D9F302674A4E900368DEF /* AppDelegate.swift */,
				0B0D9F322674A4E900368DEF /* ViewController.swift */,
				0B403A272674CD70007F7A13 /* myResult.swift */,
				0B0D9F342674A4EA00368DEF /* Main.storyboard */,
				0B0D9F372674A4EF00368DEF /* Assets.xcassets */,
				0B0D9F392674A4EF00368DEF /* LaunchScreen.storyboard */,
				0B0D9F3C2674A4EF00368DEF /* Info.plist */,
			);
			path = EvenOdd;
			sourceTree = "<group>";
		};
		0B0D9F422674A87900368DEF /* Extras */ = {
			isa = PBXGroup;
			children = (
				0B0D9F432674A8C000368DEF /* Extension.swift */,
			);
			path = Extras;
			sourceTree = "<group>";
		};
/* End PBXGroup section */

/* Begin PBXNativeTarget section */
		0B0D9F2C2674A4E900368DEF /* EvenOdd */ = {
			isa = PBXNativeTarget;
			buildConfigurationList = 0B0D9F3F2674A4EF00368DEF /* Build configuration list for PBXNativeTarget "EvenOdd" */;
			buildPhases = (
				0B0D9F292674A4E900368DEF /* Sources */,
				0B0D9F2A2674A4E900368DEF /* Frameworks */,
				0B0D9F2B2674A4E900368DEF /* Resources */,
			);
			buildRules = (
			);
			dependencies = (
			);
			name = EvenOdd;
			productName = EvenOdd;
			productReference = 0B0D9F2D2674A4E900368DEF /* EvenOdd.app */;
			productType = "com.apple.product-type.application";
		};
/* End PBXNativeTarget section */

/* Begin PBXProject section */
		0B0D9F252674A4E900368DEF /* Project object */ = {
			isa = PBXProject;
			attributes = {
				LastSwiftUpdateCheck = 1020;
				LastUpgradeCheck = 1020;
				ORGANIZATIONNAME = DCS;
				TargetAttributes = {
					0B0D9F2C2674A4E900368DEF = {
						CreatedOnToolsVersion = 10.2.1;
					};
				};
			};
			buildConfigurationList = 0B0D9F282674A4E900368DEF /* Build configuration list for PBXProject "EvenOdd" */;
			compatibilityVersion = "Xcode 9.3";
			developmentRegion = en;
			hasScannedForEncodings = 0;
			knownRegions = (
				en,
				Base,
			);
			mainGroup = 0B0D9F242674A4E900368DEF;
			productRefGroup = 0B0D9F2E2674A4E900368DEF /* Products */;
			projectDirPath = "";
			projectRoot = "";
			targets = (
				0B0D9F2C2674A4E900368DEF /* EvenOdd */,
			);
		};
/* End PBXProject section */

/* Begin PBXResourcesBuildPhase section */
		0B0D9F2B2674A4E900368DEF /* Resources */ = {
			isa = PBXResourcesBuildPhase;
			buildActionMask = 2147483647;
			files = (
				0B0D9F3B2674A4EF00368DEF /* LaunchScreen.storyboard in Resources */,
				0B0D9F382674A4EF00368DEF /* Assets.xcassets in Resources */,
				0B0D9F362674A4EA00368DEF /* Main.storyboard in Resources */,
			);
			runOnlyForDeploymentPostprocessing = 0;
		};
/* End PBXResourcesBuildPhase section */

/* Begin PBXSourcesBuildPhase section */
		0B0D9F292674A4E900368DEF /* Sources */ = {
			isa = PBXSourcesBuildPhase;
			buildActionMask = 2147483647;
			files = (
				0B0D9F442674A8C000368DEF /* Extension.swift in Sources */,
				0B0D9F332674A4E900368DEF /* ViewController.swift in Sources */,
				0B403A282674CD70007F7A13 /* myResult.swift in Sources */,
				0B0D9F312674A4E900368DEF /* AppDelegate.swift in Sources */,
			);
			runOnlyForDeploymentPostprocessing = 0;
		};
/* End PBXSourcesBuildPhase section */

/* Begin PBXVariantGroup section */
		0B0D9F342674A4EA00368DEF /* Main.storyboard */ = {
			isa = PBXVariantGroup;
			children = (
				0B0D9F352674A4EA00368DEF /* Base */,
			);
			name = Main.storyboard;
			sourceTree = "<group>";
		};
		0B0D9F392674A4EF00368DEF /* LaunchScreen.storyboard */ = {
			isa = PBXVariantGroup;
			children = (
				0B0D9F3A2674A4EF00368DEF /* Base */,
			);
			name = LaunchScreen.storyboard;
			sourceTree = "<group>";
		};
/* End PBXVariantGroup section */

/* Begin XCBuildConfiguration section */
		0B0D9F3D2674A4EF00368DEF /* Debug */ = {
			isa = XCBuildConfiguration;
			buildSettings = {
				ALWAYS_SEARCH_USER_PATHS = NO;
				CLANG_ANALYZER_NONNULL = YES;
				CLANG_ANALYZER_NUMBER_OBJECT_CONVERSION = YES_AGGRESSIVE;
				CLANG_CXX_LANGUAGE_STANDARD = "gnu++14";
				CLANG_CXX_LIBRARY = "libc++";
				CLANG_ENABLE_MODULES = YES;
				CLANG_ENABLE_OBJC_ARC = YES;
				CLANG_ENABLE_OBJC_WEAK = YES;
				CLANG_WARN_BLOCK_CAPTURE_AUTORELEASING = YES;
				CLANG_WARN_BOOL_CONVERSION = YES;
				CLANG_WARN_COMMA = YES;
				CLANG_WARN_CONSTANT_CONVERSION = YES;
				CLANG_WARN_DEPRECATED_OBJC_IMPLEMENTATIONS = YES;
				CLANG_WARN_DIRECT_OBJC_ISA_USAGE = YES_ERROR;
				CLANG_WARN_DOCUMENTATION_COMMENTS = YES;
				CLANG_WARN_EMPTY_BODY = YES;
				CLANG_WARN_ENUM_CONVERSION = YES;
				CLANG_WARN_INFINITE_RECURSION = YES;
				CLANG_WARN_INT_CONVERSION = YES;
				CLANG_WARN_NON_LITERAL_NULL_CONVERSION = YES;
				CLANG_WARN_OBJC_IMPLICIT_RETAIN_SELF = YES;
				CLANG_WARN_OBJC_LITERAL_CONVERSION = YES;
				CLANG_WARN_OBJC_ROOT_CLASS = YES_ERROR;
				CLANG_WARN_RANGE_LOOP_ANALYSIS = YES;
				CLANG_WARN_STRICT_PROTOTYPES = YES;
				CLANG_WARN_SUSPICIOUS_MOVE = YES;
				CLANG_WARN_UNGUARDED_AVAILABILITY = YES_AGGRESSIVE;
				CLANG_WARN_UNREACHABLE_CODE = YES;
				CLANG_WARN__DUPLICATE_METHOD_MATCH = YES;
				CODE_SIGN_IDENTITY = "iPhone Developer";
				COPY_PHASE_STRIP = NO;
				DEBUG_INFORMATION_FORMAT = dwarf;
				ENABLE_STRICT_OBJC_MSGSEND = YES;
				ENABLE_TESTABILITY = YES;
				GCC_C_LANGUAGE_STANDARD = gnu11;
				GCC_DYNAMIC_NO_PIC = NO;
				GCC_NO_COMMON_BLOCKS = YES;
				GCC_OPTIMIZATION_LEVEL = 0;
				GCC_PREPROCESSOR_DEFINITIONS = (
					"DEBUG=1",
					"$(inherited)",
				);
				GCC_WARN_64_TO_32_BIT_CONVERSION = YES;
				GCC_WARN_ABOUT_RETURN_TYPE = YES_ERROR;
				GCC_WARN_UNDECLARED_SELECTOR = YES;
				GCC_WARN_UNINITIALIZED_AUTOS = YES_AGGRESSIVE;
				GCC_WARN_UNUSED_FUNCTION = YES;
				GCC_WARN_UNUSED_VARIABLE = YES;
				IPHONEOS_DEPLOYMENT_TARGET = 12.2;
				MTL_ENABLE_DEBUG_INFO = INCLUDE_SOURCE;
				MTL_FAST_MATH = YES;
				ONLY_ACTIVE_ARCH = YES;
				SDKROOT = iphoneos;
				SWIFT_ACTIVE_COMPILATION_CONDITIONS = DEBUG;
				SWIFT_OPTIMIZATION_LEVEL = "-Onone";
			};
			name = Debug;
		};
		0B0D9F3E2674A4EF00368DEF /* Release */ = {
			isa = XCBuildConfiguration;
			buildSettings = {
				ALWAYS_SEARCH_USER_PATHS = NO;
				CLANG_ANALYZER_NONNULL = YES;
				CLANG_ANALYZER_NUMBER_OBJECT_CONVERSION = YES_AGGRESSIVE;
				CLANG_CXX_LANGUAGE_STANDARD = "gnu++14";
				CLANG_CXX_LIBRARY = "libc++";
				CLANG_ENABLE_MODULES = YES;
				CLANG_ENABLE_OBJC_ARC = YES;
				CLANG_ENABLE_OBJC_WEAK = YES;
				CLANG_WARN_BLOCK_CAPTURE_AUTORELEASING = YES;
				CLANG_WARN_BOOL_CONVERSION = YES;
				CLANG_WARN_COMMA = YES;
				CLANG_WARN_CONSTANT_CONVERSION = YES;
				CLANG_WARN_DEPRECATED_OBJC_IMPLEMENTATIONS = YES;
				CLANG_WARN_DIRECT_OBJC_ISA_USAGE = YES_ERROR;
				CLANG_WARN_DOCUMENTATION_COMMENTS = YES;
				CLANG_WARN_EMPTY_BODY = YES;
				CLANG_WARN_ENUM_CONVERSION = YES;
				CLANG_WARN_INFINITE_RECURSION = YES;
				CLANG_WARN_INT_CONVERSION = YES;
				CLANG_WARN_NON_LITERAL_NULL_CONVERSION = YES;
				CLANG_WARN_OBJC_IMPLICIT_RETAIN_SELF = YES;
				CLANG_WARN_OBJC_LITERAL_CONVERSION = YES;
				CLANG_WARN_OBJC_ROOT_CLASS = YES_ERROR;
				CLANG_WARN_RANGE_LOOP_ANALYSIS = YES;
				CLANG_WARN_STRICT_PROTOTYPES = YES;
				CLANG_WARN_SUSPICIOUS_MOVE = YES;
				CLANG_WARN_UNGUARDED_AVAILABILITY = YES_AGGRESSIVE;
				CLANG_WARN_UNREACHABLE_CODE = YES;
				CLANG_WARN__DUPLICATE_METHOD_MATCH = YES;
				CODE_SIGN_IDENTITY = "iPhone Developer";
				COPY_PHASE_STRIP = NO;
				DEBUG_INFORMATION_FORMAT = "dwarf-with-dsym";
				ENABLE_NS_ASSERTIONS = NO;
				ENABLE_STRICT_OBJC_MSGSEND = YES;
				GCC_C_LANGUAGE_STANDARD = gnu11;
				GCC_NO_COMMON_BLOCKS = YES;
				GCC_WARN_64_TO_32_BIT_CONVERSION = YES;
				GCC_WARN_ABOUT_RETURN_TYPE = YES_ERROR;
				GCC_WARN_UNDECLARED_SELECTOR = YES;
				GCC_WARN_UNINITIALIZED_AUTOS = YES_AGGRESSIVE;
				GCC_WARN_UNUSED_FUNCTION = YES;
				GCC_WARN_UNUSED_VARIABLE = YES;
				IPHONEOS_DEPLOYMENT_TARGET = 12.2;
				MTL_ENABLE_DEBUG_INFO = NO;
				MTL_FAST_MATH = YES;
				SDKROOT = iphoneos;
				SWIFT_COMPILATION_MODE = wholemodule;
				SWIFT_OPTIMIZATION_LEVEL = "-O";
				VALIDATE_PRODUCT = YES;
			};
			name = Release;
		};
		0B0D9F402674A4EF00368DEF /* Debug */ = {
			isa = XCBuildConfiguration;
			buildSettings = {
				ASSETCATALOG_COMPILER_APPICON_NAME = AppIcon;
				CODE_SIGN_STYLE = Automatic;
				INFOPLIST_FILE = EvenOdd/Info.plist;
				LD_RUNPATH_SEARCH_PATHS = (
					"$(inherited)",
					"@executable_path/Frameworks",
				);
				PRODUCT_BUNDLE_IDENTIFIER = in.ac.vnsgu.dcs.EvenOdd;
				PRODUCT_NAME = "$(TARGET_NAME)";
				SWIFT_VERSION = 5.0;
				TARGETED_DEVICE_FAMILY = "1,2";
			};
			name = Debug;
		};
		0B0D9F412674A4EF00368DEF /* Release */ = {
			isa = XCBuildConfiguration;
			buildSettings = {
				ASSETCATALOG_COMPILER_APPICON_NAME = AppIcon;
				CODE_SIGN_STYLE = Automatic;
				INFOPLIST_FILE = EvenOdd/Info.plist;
				LD_RUNPATH_SEARCH_PATHS = (
					"$(inherited)",
					"@executable_path/Frameworks",
				);
				PRODUCT_BUNDLE_IDENTIFIER = in.ac.vnsgu.dcs.EvenOdd;
				PRODUCT_NAME = "$(TARGET_NAME)";
				SWIFT_VERSION = 5.0;
				TARGETED_DEVICE_FAMILY = "1,2";
			};
			name = Release;
		};
/* End XCBuildConfiguration section */

/* Begin XCConfigurationList section */
		0B0D9F282674A4E900368DEF /* Build configuration list for PBXProject "EvenOdd" */ = {
			isa = XCConfigurationList;
			buildConfigurations = (
				0B0D9F3D2674A4EF00368DEF /* Debug */,
				0B0D9F3E2674A4EF00368DEF /* Release */,
			);
			defaultConfigurationIsVisible = 0;
			defaultConfigurationName = Release;
		};
		0B0D9F3F2674A4EF00368DEF /* Build configuration list for PBXNativeTarget "EvenOdd" */ = {
			isa = XCConfigurationList;
			buildConfigurations = (
				0B0D9F402674A4EF00368DEF /* Debug */,
				0B0D9F412674A4EF00368DEF /* Release */,
			);
			defaultConfigurationIsVisible = 0;
			defaultConfigurationName = Release;
		};
/* End XCConfigurationList section */
	};
	rootObject = 0B0D9F252674A4E900368DEF /* Project object */;
}
